# THIS IS AN AUTOGENERATED FILE. DO NOT EDIT THIS FILE DIRECTLY.
# yarn lockfile v1


"@babel/runtime@^7.5.5":
  version "7.5.5"
  resolved "http://r.cnpmjs.org/@babel/runtime/download/@babel/runtime-7.5.5.tgz#74fba56d35efbeca444091c7850ccd494fd2f132"
  integrity sha1-dPulbTXvvspEQJHHhQzNSU/S8TI=
  dependencies:
    regenerator-runtime "^0.13.2"

"@types/jest-diff@*":
  version "20.0.1"
  resolved "http://r.cnpmjs.org/@types/jest-diff/download/@types/jest-diff-20.0.1.tgz#35cc15b9c4f30a18ef21852e255fdb02f6d59b89"
  integrity sha1-NcwVucTzChjvIYUuJV/bAvbVm4k=

"@types/jest@^24.0.16":
  version "24.0.16"
  resolved "http://r.cnpmjs.org/@types/jest/download/@types/jest-24.0.16.tgz#8d3e406ec0f0dc1688d6711af3062ff9bd428066"
  integrity sha1-jT5AbsDw3BaI1nEa8wYv+b1CgGY=
  dependencies:
    "@types/jest-diff" "*"

regenerator-runtime@^0.13.2:
  version "0.13.3"
  resolved "http://r.cnpmjs.org/regenerator-runtime/download/regenerator-runtime-0.13.3.tgz#7cf6a77d8f5c6f60eb73c5fc1955b2ceb01e6bf5"
  integrity sha1-fPanfY9cb2Drc8X8GVWyzrAea/U=
