# THIS IS AN AUTOGENERATED FILE. DO NOT EDIT THIS FILE DIRECTLY.
# yarn lockfile v1


"@babel/runtime@^7.0.0":
  version "7.9.2"
  resolved "https://registry.npm.taobao.org/@babel/runtime/download/@babel/runtime-7.9.2.tgz#d90df0583a3a252f09aaa619665367bae518db06"
  integrity sha1-2Q3wWDo6JS8JqqYZZlNnuuUY2wY=
  dependencies:
    regenerator-runtime "^0.13.4"

"@types/history@^4.7.5":
  version "4.7.5"
  resolved "https://registry.npm.taobao.org/@types/history/download/@types/history-4.7.5.tgz#527d20ef68571a4af02ed74350164e7a67544860"
  integrity sha1-Un0g72hXGkrwLtdDUBZOemdUSGA=

"@types/hoist-non-react-statics@^3.3.0":
  version "3.3.1"
  resolved "https://registry.npm.taobao.org/@types/hoist-non-react-statics/download/@types/hoist-non-react-statics-3.3.1.tgz#1124aafe5118cb591977aeb1ceaaed1070eb039f"
  integrity sha1-ESSq/lEYy1kZd66xzqrtEHDrA58=
  dependencies:
    "@types/react" "*"
    hoist-non-react-statics "^3.3.0"

"@types/prop-types@*":
  version "15.7.3"
  resolved "https://registry.npm.taobao.org/@types/prop-types/download/@types/prop-types-15.7.3.tgz#2ab0d5da2e5815f94b0b9d4b95d1e5f243ab2ca7"
  integrity sha1-KrDV2i5YFflLC51LldHl8kOrLKc=

"@types/react-redux@^7.1.7":
  version "7.1.7"
  resolved "https://registry.npm.taobao.org/@types/react-redux/download/@types/react-redux-7.1.7.tgz#12a0c529aba660696947384a059c5c6e08185c7a"
  integrity sha1-EqDFKaumYGlpRzhKBZxcbggYXHo=
  dependencies:
    "@types/hoist-non-react-statics" "^3.3.0"
    "@types/react" "*"
    hoist-non-react-statics "^3.3.0"
    redux "^4.0.0"

"@types/react@*":
  version "16.9.34"
  resolved "https://registry.npm.taobao.org/@types/react/download/@types/react-16.9.34.tgz?cache=0&sync_timestamp=1586464409519&other_urls=https%3A%2F%2Fregistry.npm.taobao.org%2F%40types%2Freact%2Fdownload%2F%40types%2Freact-16.9.34.tgz#f7d5e331c468f53affed17a8a4d488cd44ea9349"
  integrity sha1-99XjMcRo9Tr/7ReopNSIzUTqk0k=
  dependencies:
    "@types/prop-types" "*"
    csstype "^2.2.0"

any-promise@^1.0.0:
  version "1.3.0"
  resolved "https://registry.npm.taobao.org/any-promise/download/any-promise-1.3.0.tgz#abc6afeedcea52e809cdc0376aed3ce39635d17f"
  integrity sha1-q8av7tzqUugJzcA3au0845Y10X8=

core-util-is@^1.0.2:
  version "1.0.2"
  resolved "https://registry.npm.taobao.org/core-util-is/download/core-util-is-1.0.2.tgz#b5fd54220aa2bc5ab57aab7140c940754503c1a7"
  integrity sha1-tf1UIgqivFq1eqtxQMlAdUUDwac=

csstype@^2.2.0:
  version "2.6.10"
  resolved "https://registry.npm.taobao.org/csstype/download/csstype-2.6.10.tgz?cache=0&sync_timestamp=1586935655811&other_urls=https%3A%2F%2Fregistry.npm.taobao.org%2Fcsstype%2Fdownload%2Fcsstype-2.6.10.tgz#e63af50e66d7c266edb6b32909cfd0aabe03928b"
  integrity sha1-5jr1DmbXwmbttrMpCc/Qqr4Dkos=

dom-walk@^0.1.0:
  version "0.1.2"
  resolved "https://registry.npm.taobao.org/dom-walk/download/dom-walk-0.1.2.tgz#0c548bef048f4d1f2a97249002236060daa3fd84"
  integrity sha1-DFSL7wSPTR8qlySQAiNgYNqj/YQ=

flatten@^1.0.2:
  version "1.0.3"
  resolved "https://registry.npm.taobao.org/flatten/download/flatten-1.0.3.tgz#c1283ac9f27b368abc1e36d1ff7b04501a30356b"
  integrity sha1-wSg6yfJ7Noq8HjbR/3sEUBowNWs=

global@^4.3.2:
  version "4.4.0"
  resolved "https://registry.npm.taobao.org/global/download/global-4.4.0.tgz#3e7b105179006a323ed71aafca3e9c57a5cc6406"
  integrity sha1-PnsQUXkAajI+1xqvyj6cV6XMZAY=
  dependencies:
    min-document "^2.19.0"
    process "^0.11.10"

hoist-non-react-statics@^3.3.0:
  version "3.3.2"
  resolved "https://registry.npm.taobao.org/hoist-non-react-statics/download/hoist-non-react-statics-3.3.2.tgz#ece0acaf71d62c2969c2ec59feff42a4b1a85b45"
  integrity sha1-7OCsr3HWLClpwuxZ/v9CpLGoW0U=
  dependencies:
    react-is "^16.7.0"

invariant@^2.2.1:
  version "2.2.4"
  resolved "https://registry.npm.taobao.org/invariant/download/invariant-2.2.4.tgz#610f3c92c9359ce1db616e538008d23ff35158e6"
  integrity sha1-YQ88ksk1nOHbYW5TgAjSP/NRWOY=
  dependencies:
    loose-envify "^1.0.0"

is-class-hotfix@~0.0.6:
  version "0.0.6"
  resolved "https://registry.npm.taobao.org/is-class-hotfix/download/is-class-hotfix-0.0.6.tgz#a527d31fb23279281dde5f385c77b5de70a72435"
  integrity sha1-pSfTH7IyeSgd3l84XHe13nCnJDU=

is-plain-object@^2.0.3:
  version "2.0.4"
  resolved "https://registry.npm.taobao.org/is-plain-object/download/is-plain-object-2.0.4.tgz#2c163b3fafb1b606d9d17928f05c2a1c38e07677"
  integrity sha1-LBY7P6+xtgbZ0Xko8FwqHDjgdnc=
  dependencies:
    isobject "^3.0.1"

is-type-of@^1.0.0:
  version "1.2.1"
  resolved "https://registry.npm.taobao.org/is-type-of/download/is-type-of-1.2.1.tgz#e263ec3857aceb4f28c47130ec78db09a920f8c5"
  integrity sha1-4mPsOFes608oxHEw7HjbCakg+MU=
  dependencies:
    core-util-is "^1.0.2"
    is-class-hotfix "~0.0.6"
    isstream "~0.1.2"

isobject@^3.0.1:
  version "3.0.1"
  resolved "https://registry.npm.taobao.org/isobject/download/isobject-3.0.1.tgz#4e431e92b11a9731636aa1f9c8d1ccbcfdab78df"
  integrity sha1-TkMekrEalzFjaqH5yNHMvP2reN8=

isstream@~0.1.2:
  version "0.1.2"
  resolved "https://registry.npm.taobao.org/isstream/download/isstream-0.1.2.tgz#47e63f7af55afa6f92e1500e690eb8b8529c099a"
  integrity sha1-R+Y/evVa+m+S4VAOaQ64uFKcCZo=

"js-tokens@^3.0.0 || ^4.0.0":
  version "4.0.0"
  resolved "https://registry.npm.taobao.org/js-tokens/download/js-tokens-4.0.0.tgz#19203fb59991df98e3a287050d4647cdeaf32499"
  integrity sha1-GSA/tZmR35jjoocFDUZHzerzJJk=

ko-sleep@^1.0.2:
  version "1.0.3"
  resolved "https://registry.npm.taobao.org/ko-sleep/download/ko-sleep-1.0.3.tgz#28a2a0a1485e8b7f415ff488dee17d24788ab082"
  integrity sha1-KKKgoUhei39BX/SI3uF9JHiKsII=
  dependencies:
    ms "^2.0.0"

loose-envify@^1.0.0, loose-envify@^1.4.0:
  version "1.4.0"
  resolved "https://registry.npm.taobao.org/loose-envify/download/loose-envify-1.4.0.tgz#71ee51fa7be4caec1a63839f7e682d8132d30caf"
  integrity sha1-ce5R+nvkyuwaY4OffmgtgTLTDK8=
  dependencies:
    js-tokens "^3.0.0 || ^4.0.0"

min-document@^2.19.0:
  version "2.19.0"
  resolved "https://registry.npm.taobao.org/min-document/download/min-document-2.19.0.tgz#7bd282e3f5842ed295bb748cdd9f1ffa2c824685"
  integrity sha1-e9KC4/WELtKVu3SM3Z8f+iyCRoU=
  dependencies:
    dom-walk "^0.1.0"

mm@^2.5.0:
  version "2.5.0"
  resolved "https://registry.npm.taobao.org/mm/download/mm-2.5.0.tgz#dfb993762c1468b591c4c4fcd47dff45ed01378a"
  integrity sha1-37mTdiwUaLWRxMT81H3/Re0BN4o=
  dependencies:
    is-type-of "^1.0.0"
    ko-sleep "^1.0.2"
    muk-prop "^1.0.0"
    thenify "^3.2.1"

ms@^2.0.0:
  version "2.1.2"
  resolved "https://registry.npm.taobao.org/ms/download/ms-2.1.2.tgz#d09d1f357b443f493382a8eb3ccd183872ae6009"
  integrity sha1-0J0fNXtEP0kzgqjrPM0YOHKuYAk=

muk-prop@^1.0.0:
  version "1.2.1"
  resolved "https://registry.npm.taobao.org/muk-prop/download/muk-prop-1.2.1.tgz#40fa3d6e93553b2016a9fb77d8918568c57ae14d"
  integrity sha1-QPo9bpNVOyAWqft32JGFaMV64U0=

process@^0.11.10:
  version "0.11.10"
  resolved "https://registry.npm.taobao.org/process/download/process-0.11.10.tgz#7332300e840161bda3e69a1d1d91a7d4bc16f182"
  integrity sha1-czIwDoQBYb2j5podHZGn1LwW8YI=

react-is@^16.7.0:
  version "16.13.1"
  resolved "https://registry.npm.taobao.org/react-is/download/react-is-16.13.1.tgz#789729a4dc36de2999dc156dd6c1d9c18cea56a4"
  integrity sha1-eJcppNw23imZ3BVt1sHZwYzqVqQ=

redux-saga@^0.16.0:
  version "0.16.2"
  resolved "https://registry.npm.taobao.org/redux-saga/download/redux-saga-0.16.2.tgz#993662e86bc945d8509ac2b8daba3a8c615cc971"
  integrity sha1-mTZi6GvJRdhQmsK42ro6jGFcyXE=

redux@^4.0.0, redux@^4.0.1:
  version "4.0.5"
  resolved "https://registry.npm.taobao.org/redux/download/redux-4.0.5.tgz#4db5de5816e17891de8a80c424232d06f051d93f"
  integrity sha1-TbXeWBbheJHeioDEJCMtBvBR2T8=
  dependencies:
    loose-envify "^1.4.0"
    symbol-observable "^1.2.0"

regenerator-runtime@^0.13.4:
  version "0.13.5"
  resolved "https://registry.npm.taobao.org/regenerator-runtime/download/regenerator-runtime-0.13.5.tgz?cache=0&sync_timestamp=1584052392667&other_urls=https%3A%2F%2Fregistry.npm.taobao.org%2Fregenerator-runtime%2Fdownload%2Fregenerator-runtime-0.13.5.tgz#d878a1d094b4306d10b9096484b33ebd55e26697"
  integrity sha1-2Hih0JS0MG0QuQlkhLM+vVXiZpc=

symbol-observable@^1.2.0:
  version "1.2.0"
  resolved "https://registry.npm.taobao.org/symbol-observable/download/symbol-observable-1.2.0.tgz#c22688aed4eab3cdc2dfeacbb561660560a00804"
  integrity sha1-wiaIrtTqs83C3+rLtWFmBWCgCAQ=

thenify@^3.2.1:
  version "3.3.0"
  resolved "https://registry.npm.taobao.org/thenify/download/thenify-3.3.0.tgz#e69e38a1babe969b0108207978b9f62b88604839"
  integrity sha1-5p44obq+lpsBCCB5eLn2K4hgSDk=
  dependencies:
    any-promise "^1.0.0"

warning@^3.0.0:
  version "3.0.0"
  resolved "https://registry.npm.taobao.org/warning/download/warning-3.0.0.tgz?cache=0&other_urls=https%3A%2F%2Fregistry.npm.taobao.org%2Fwarning%2Fdownload%2Fwarning-3.0.0.tgz#32e5377cb572de4ab04753bdf8821c01ed605b7c"
  integrity sha1-MuU3fLVy3kqwR1O9+IIcAe1gW3w=
  dependencies:
    loose-envify "^1.0.0"
