# THIS IS AN AUTOGENERATED FILE. DO NOT EDIT THIS FILE DIRECTLY.
# yarn lockfile v1


"@babel/runtime@^7.0.0":
  version "7.3.4"
  resolved "https://registry.yarnpkg.com/@babel/runtime/-/runtime-7.3.4.tgz#73d12ba819e365fcf7fd152aed56d6df97d21c83"
  integrity sha512-IvfvnMdSaLBateu0jfsYIpZTxAc2cKEXEMiezGGN75QcBcecDUKd3PgLAncT0oOgxKy8dd8hrJKj9MfzgfZd6g==
  dependencies:
    regenerator-runtime "^0.12.0"

"@babel/runtime@^7.1.2", "@babel/runtime@^7.4.3":
  version "7.4.3"
  resolved "http://registry.npm.taobao.org/@babel/runtime/download/@babel/runtime-7.4.3.tgz#79888e452034223ad9609187a0ad1fe0d2ad4bdc"
  integrity sha1-eYiORSA0IjrZYJGHoK0f4NKtS9w=
  dependencies:
    regenerator-runtime "^0.13.2"

"@types/history@*":
  version "4.7.2"
  resolved "http://registry.npm.taobao.org/@types/history/download/@types/history-4.7.2.tgz#0e670ea254d559241b6eeb3894f8754991e73220"
  integrity sha1-DmcOolTVWSQbbus4lPh1SZHnMiA=

"@types/isomorphic-fetch@^0.0.35":
  version "0.0.35"
  resolved "http://registry.npm.taobao.org/@types/isomorphic-fetch/download/@types/isomorphic-fetch-0.0.35.tgz#c1c0d402daac324582b6186b91f8905340ea3361"
  integrity sha1-wcDUAtqsMkWCthhrkfiQU0DqM2E=

"@types/prop-types@*":
  version "15.7.0"
  resolved "http://registry.npm.taobao.org/@types/prop-types/download/@types/prop-types-15.7.0.tgz#4c48fed958d6dcf9487195a0ef6456d5f6e0163a"
  integrity sha1-TEj+2VjW3PlIcZWg72RW1fbgFjo=

"@types/react-router-dom@^4.3.1":
  version "4.3.1"
  resolved "http://registry.npm.taobao.org/@types/react-router-dom/download/@types/react-router-dom-4.3.1.tgz#71fe2918f8f60474a891520def40a63997dafe04"
  integrity sha1-cf4pGPj2BHSokVIN70CmOZfa/gQ=
  dependencies:
    "@types/history" "*"
    "@types/react" "*"
    "@types/react-router" "*"

"@types/react-router-redux@^5.0.18":
  version "5.0.18"
  resolved "http://registry.npm.taobao.org/@types/react-router-redux/download/@types/react-router-redux-5.0.18.tgz#5f28d5f7387fa71e33f602ccf9269e1609d47b8b"
  integrity sha1-XyjV9zh/px4z9gLM+SaeFgnUe4s=
  dependencies:
    "@types/history" "*"
    "@types/react" "*"
    "@types/react-router" "*"
    redux ">= 3.7.2"

"@types/react-router@*":
  version "4.4.5"
  resolved "http://registry.npm.taobao.org/@types/react-router/download/@types/react-router-4.4.5.tgz#1166997dc7eef2917b5ebce890ebecb32ee5c1b3"
  integrity sha1-EWaZfcfu8pF7XrzokOvssy7lwbM=
  dependencies:
    "@types/history" "*"
    "@types/react" "*"

"@types/react@*":
  version "16.8.13"
  resolved "http://registry.npm.taobao.org/@types/react/download/@types/react-16.8.13.tgz#a82b15aad9ab91c40edca0d6889b7745ae24f053"
  integrity sha1-qCsVqtmrkcQO3KDWiJt3Ra4k8FM=
  dependencies:
    "@types/prop-types" "*"
    csstype "^2.2.0"

csstype@^2.2.0:
  version "2.6.3"
  resolved "http://registry.npm.taobao.org/csstype/download/csstype-2.6.3.tgz#b701e5968245bf9b08d54ac83d00b624e622a9fa"
  integrity sha1-twHlloJFv5sI1UrIPQC2JOYiqfo=

dom-walk@^0.1.0:
  version "0.1.1"
  resolved "http://registry.npm.taobao.org/dom-walk/download/dom-walk-0.1.1.tgz#672226dc74c8f799ad35307df936aba11acd6018"
  integrity sha1-ZyIm3HTI95mtNTB9+TaroRrNYBg=

dva-core@1.6.0-beta.1:
  version "1.6.0-beta.1"
  resolved "http://registry.npm.taobao.org/dva-core/download/dva-core-1.6.0-beta.1.tgz#395a80a28d0c77c31ecf49e80affd4407ff69268"
  integrity sha1-OVqAoo0Md8Mez0noCv/UQH/2kmg=
  dependencies:
    "@babel/runtime" "^7.0.0"
    flatten "^1.0.2"
    global "^4.3.2"
    invariant "^2.2.1"
    is-plain-object "^2.0.3"
    redux-saga "^0.16.0"
    warning "^3.0.0"

dva@2.6.0-beta.1:
  version "2.6.0-beta.1"
  resolved "http://registry.npm.taobao.org/dva/download/dva-2.6.0-beta.1.tgz#1d3c763886be4e3f624560cf4bc318492d1db66e"
  integrity sha1-HTx2OIa+Tj9iRWDPS8MYSS0dtm4=
  dependencies:
    "@babel/runtime" "^7.0.0"
    "@types/isomorphic-fetch" "^0.0.35"
    "@types/react-router-dom" "^4.3.1"
    "@types/react-router-redux" "^5.0.18"
    dva-core "1.6.0-beta.1"
    global "^4.3.2"
    history "^4.7.2"
    invariant "^2.2.4"
    isomorphic-fetch "^2.2.1"
    react-redux "^7.0.1"
    react-router-dom "^4.3.1"
    react-router-redux "5.0.0-alpha.9"
    redux "^4.0.1"

encoding@^0.1.11:
  version "0.1.12"
  resolved "http://registry.npm.taobao.org/encoding/download/encoding-0.1.12.tgz#538b66f3ee62cd1ab51ec323829d1f9480c74beb"
  integrity sha1-U4tm8+5izRq1HsMjgp0flIDHS+s=
  dependencies:
    iconv-lite "~0.4.13"

flatten@^1.0.2:
  version "1.0.2"
  resolved "http://registry.npm.taobao.org/flatten/download/flatten-1.0.2.tgz#dae46a9d78fbe25292258cc1e780a41d95c03782"
  integrity sha1-2uRqnXj74lKSJYzB54CkHZXAN4I=

global@^4.3.2:
  version "4.3.2"
  resolved "http://registry.npm.taobao.org/global/download/global-4.3.2.tgz#e76989268a6c74c38908b1305b10fc0e394e9d0f"
  integrity sha1-52mJJopsdMOJCLEwWxD8DjlOnQ8=
  dependencies:
    min-document "^2.19.0"
    process "~0.5.1"

history@^4.7.2:
  version "4.9.0"
  resolved "http://registry.npm.taobao.org/history/download/history-4.9.0.tgz#84587c2068039ead8af769e9d6a6860a14fa1bca"
  integrity sha1-hFh8IGgDnq2K92np1qaGChT6G8o=
  dependencies:
    "@babel/runtime" "^7.1.2"
    loose-envify "^1.2.0"
    resolve-pathname "^2.2.0"
    tiny-invariant "^1.0.2"
    tiny-warning "^1.0.0"
    value-equal "^0.4.0"

hoist-non-react-statics@^2.5.0:
  version "2.5.5"
  resolved "http://registry.npm.taobao.org/hoist-non-react-statics/download/hoist-non-react-statics-2.5.5.tgz?cache=0&other_urls=http%3A%2F%2Fregistry.npm.taobao.org%2Fhoist-non-react-statics%2Fdownload%2Fhoist-non-react-statics-2.5.5.tgz#c5903cf409c0dfd908f388e619d86b9c1174cb47"
  integrity sha1-xZA89AnA39kI84jmGdhrnBF0y0c=

hoist-non-react-statics@^3.3.0:
  version "3.3.0"
  resolved "http://registry.npm.taobao.org/hoist-non-react-statics/download/hoist-non-react-statics-3.3.0.tgz?cache=0&other_urls=http%3A%2F%2Fregistry.npm.taobao.org%2Fhoist-non-react-statics%2Fdownload%2Fhoist-non-react-statics-3.3.0.tgz#b09178f0122184fb95acf525daaecb4d8f45958b"
  integrity sha1-sJF48BIhhPuVrPUl2q7LTY9FlYs=
  dependencies:
    react-is "^16.7.0"

iconv-lite@~0.4.13:
  version "0.4.24"
  resolved "http://registry.npm.taobao.org/iconv-lite/download/iconv-lite-0.4.24.tgz#2022b4b25fbddc21d2f524974a474aafe733908b"
  integrity sha1-ICK0sl+93CHS9SSXSkdKr+czkIs=
  dependencies:
    safer-buffer ">= 2.1.2 < 3"

immer@^2.1.1:
  version "2.1.5"
  resolved "https://registry.yarnpkg.com/immer/-/immer-2.1.5.tgz#0389947455c5a2c7a47f1e6f415c9d1a62a1ebed"
  integrity sha512-xyjQyTBYIeiz6jd02Hg12jV+9QISwF1crLcwTlzHpWH4e0ryNWj1kacpTwimK3bJV5NKKXw458G2vpqoB/inFA==

invariant@^2.2.1, invariant@^2.2.4:
  version "2.2.4"
  resolved "http://registry.npm.taobao.org/invariant/download/invariant-2.2.4.tgz#610f3c92c9359ce1db616e538008d23ff35158e6"
  integrity sha1-YQ88ksk1nOHbYW5TgAjSP/NRWOY=
  dependencies:
    loose-envify "^1.0.0"

is-plain-object@^2.0.3:
  version "2.0.4"
  resolved "http://registry.npm.taobao.org/is-plain-object/download/is-plain-object-2.0.4.tgz#2c163b3fafb1b606d9d17928f05c2a1c38e07677"
  integrity sha1-LBY7P6+xtgbZ0Xko8FwqHDjgdnc=
  dependencies:
    isobject "^3.0.1"

is-stream@^1.0.1:
  version "1.1.0"
  resolved "http://registry.npm.taobao.org/is-stream/download/is-stream-1.1.0.tgz#12d4a3dd4e68e0b79ceb8dbc84173ae80d91ca44"
  integrity sha1-EtSj3U5o4Lec6428hBc66A2RykQ=

isarray@0.0.1:
  version "0.0.1"
  resolved "http://registry.npm.taobao.org/isarray/download/isarray-0.0.1.tgz#8a18acfca9a8f4177e09abfc6038939b05d1eedf"
  integrity sha1-ihis/Kmo9Bd+Cav8YDiTmwXR7t8=

isobject@^3.0.1:
  version "3.0.1"
  resolved "http://registry.npm.taobao.org/isobject/download/isobject-3.0.1.tgz#4e431e92b11a9731636aa1f9c8d1ccbcfdab78df"
  integrity sha1-TkMekrEalzFjaqH5yNHMvP2reN8=

isomorphic-fetch@^2.2.1:
  version "2.2.1"
  resolved "http://registry.npm.taobao.org/isomorphic-fetch/download/isomorphic-fetch-2.2.1.tgz#611ae1acf14f5e81f729507472819fe9733558a9"
  integrity sha1-YRrhrPFPXoH3KVB0coGf6XM1WKk=
  dependencies:
    node-fetch "^1.0.1"
    whatwg-fetch ">=0.10.0"

"js-tokens@^3.0.0 || ^4.0.0":
  version "4.0.0"
  resolved "http://registry.npm.taobao.org/js-tokens/download/js-tokens-4.0.0.tgz#19203fb59991df98e3a287050d4647cdeaf32499"
  integrity sha1-GSA/tZmR35jjoocFDUZHzerzJJk=

loose-envify@^1.0.0, loose-envify@^1.2.0, loose-envify@^1.3.1, loose-envify@^1.4.0:
  version "1.4.0"
  resolved "http://registry.npm.taobao.org/loose-envify/download/loose-envify-1.4.0.tgz#71ee51fa7be4caec1a63839f7e682d8132d30caf"
  integrity sha1-ce5R+nvkyuwaY4OffmgtgTLTDK8=
  dependencies:
    js-tokens "^3.0.0 || ^4.0.0"

min-document@^2.19.0:
  version "2.19.0"
  resolved "http://registry.npm.taobao.org/min-document/download/min-document-2.19.0.tgz#7bd282e3f5842ed295bb748cdd9f1ffa2c824685"
  integrity sha1-e9KC4/WELtKVu3SM3Z8f+iyCRoU=
  dependencies:
    dom-walk "^0.1.0"

node-fetch@^1.0.1:
  version "1.7.3"
  resolved "http://registry.npm.taobao.org/node-fetch/download/node-fetch-1.7.3.tgz#980f6f72d85211a5347c6b2bc18c5b84c3eb47ef"
  integrity sha1-mA9vcthSEaU0fGsrwYxbhMPrR+8=
  dependencies:
    encoding "^0.1.11"
    is-stream "^1.0.1"

object-assign@^4.1.1:
  version "4.1.1"
  resolved "http://registry.npm.taobao.org/object-assign/download/object-assign-4.1.1.tgz#2109adc7965887cfc05cbbd442cac8bfbb360863"
  integrity sha1-IQmtx5ZYh8/AXLvUQsrIv7s2CGM=

path-to-regexp@^1.7.0:
  version "1.7.0"
  resolved "http://registry.npm.taobao.org/path-to-regexp/download/path-to-regexp-1.7.0.tgz#59fde0f435badacba103a84e9d3bc64e96b9937d"
  integrity sha1-Wf3g9DW62suhA6hOnTvGTpa5k30=
  dependencies:
    isarray "0.0.1"

process@~0.5.1:
  version "0.5.2"
  resolved "http://registry.npm.taobao.org/process/download/process-0.5.2.tgz#1638d8a8e34c2f440a91db95ab9aeb677fc185cf"
  integrity sha1-FjjYqONML0QKkduVq5rrZ3/Bhc8=

prop-types@^15.6.0, prop-types@^15.6.1, prop-types@^15.7.2:
  version "15.7.2"
  resolved "http://registry.npm.taobao.org/prop-types/download/prop-types-15.7.2.tgz?cache=0&other_urls=http%3A%2F%2Fregistry.npm.taobao.org%2Fprop-types%2Fdownload%2Fprop-types-15.7.2.tgz#52c41e75b8c87e72b9d9360e0206b99dcbffa6c5"
  integrity sha1-UsQedbjIfnK52TYOAga5ncv/psU=
  dependencies:
    loose-envify "^1.4.0"
    object-assign "^4.1.1"
    react-is "^16.8.1"

react-is@^16.7.0, react-is@^16.8.1, react-is@^16.8.6:
  version "16.8.6"
  resolved "http://registry.npm.taobao.org/react-is/download/react-is-16.8.6.tgz#5bbc1e2d29141c9fbdfed456343fe2bc430a6a16"
  integrity sha1-W7weLSkUHJ+9/tRWND/ivEMKahY=

react-redux@^7.0.1:
  version "7.0.1"
  resolved "http://registry.npm.taobao.org/react-redux/download/react-redux-7.0.1.tgz#321285e6c85c3586d11cc066ab33dc580da599fb"
  integrity sha1-MhKF5shcNYbRHMBmqzPcWA2lmfs=
  dependencies:
    "@babel/runtime" "^7.4.3"
    hoist-non-react-statics "^3.3.0"
    invariant "^2.2.4"
    loose-envify "^1.4.0"
    prop-types "^15.7.2"
    react-is "^16.8.6"

react-router-dom@^4.3.1:
  version "4.3.1"
  resolved "http://registry.npm.taobao.org/react-router-dom/download/react-router-dom-4.3.1.tgz?cache=0&other_urls=http%3A%2F%2Fregistry.npm.taobao.org%2Freact-router-dom%2Fdownload%2Freact-router-dom-4.3.1.tgz#4c2619fc24c4fa87c9fd18f4fb4a43fe63fbd5c6"
  integrity sha1-TCYZ/CTE+ofJ/Rj0+0pD/mP71cY=
  dependencies:
    history "^4.7.2"
    invariant "^2.2.4"
    loose-envify "^1.3.1"
    prop-types "^15.6.1"
    react-router "^4.3.1"
    warning "^4.0.1"

react-router-redux@5.0.0-alpha.9:
  version "5.0.0-alpha.9"
  resolved "http://registry.npm.taobao.org/react-router-redux/download/react-router-redux-5.0.0-alpha.9.tgz#825431516e0e6f1fd93b8807f6bd595e23ec3d10"
  integrity sha1-glQxUW4Obx/ZO4gH9r1ZXiPsPRA=
  dependencies:
    history "^4.7.2"
    prop-types "^15.6.0"
    react-router "^4.2.0"

react-router@^4.2.0, react-router@^4.3.1:
  version "4.3.1"
  resolved "http://registry.npm.taobao.org/react-router/download/react-router-4.3.1.tgz#aada4aef14c809cb2e686b05cee4742234506c4e"
  integrity sha1-qtpK7xTICcsuaGsFzuR0IjRQbE4=
  dependencies:
    history "^4.7.2"
    hoist-non-react-statics "^2.5.0"
    invariant "^2.2.4"
    loose-envify "^1.3.1"
    path-to-regexp "^1.7.0"
    prop-types "^15.6.1"
    warning "^4.0.1"

redux-saga@^0.16.0:
  version "0.16.2"
  resolved "http://registry.npm.taobao.org/redux-saga/download/redux-saga-0.16.2.tgz#993662e86bc945d8509ac2b8daba3a8c615cc971"
  integrity sha1-mTZi6GvJRdhQmsK42ro6jGFcyXE=

"redux@>= 3.7.2", redux@^4.0.1:
  version "4.0.1"
  resolved "http://registry.npm.taobao.org/redux/download/redux-4.0.1.tgz#436cae6cc40fbe4727689d7c8fae44808f1bfef5"
  integrity sha1-Q2yubMQPvkcnaJ18j65EgI8b/vU=
  dependencies:
    loose-envify "^1.4.0"
    symbol-observable "^1.2.0"

regenerator-runtime@^0.12.0:
  version "0.12.1"
  resolved "https://registry.yarnpkg.com/regenerator-runtime/-/regenerator-runtime-0.12.1.tgz#fa1a71544764c036f8c49b13a08b2594c9f8a0de"
  integrity sha512-odxIc1/vDlo4iZcfXqRYFj0vpXFNoGdKMAUieAlFYO6m/nl5e9KR/beGf41z4a1FI+aQgtjhuaSlDxQ0hmkrHg==

regenerator-runtime@^0.13.2:
  version "0.13.2"
  resolved "http://registry.npm.taobao.org/regenerator-runtime/download/regenerator-runtime-0.13.2.tgz#32e59c9a6fb9b1a4aff09b4930ca2d4477343447"
  integrity sha1-MuWcmm+5saSv8JtJMMotRHc0NEc=

resolve-pathname@^2.2.0:
  version "2.2.0"
  resolved "http://registry.npm.taobao.org/resolve-pathname/download/resolve-pathname-2.2.0.tgz#7e9ae21ed815fd63ab189adeee64dc831eefa879"
  integrity sha1-fpriHtgV/WOrGJre7mTcgx7vqHk=

"safer-buffer@>= 2.1.2 < 3":
  version "2.1.2"
  resolved "http://registry.npm.taobao.org/safer-buffer/download/safer-buffer-2.1.2.tgz#44fa161b0187b9549dd84bb91802f9bd8385cd6a"
  integrity sha1-RPoWGwGHuVSd2Eu5GAL5vYOFzWo=

symbol-observable@^1.2.0:
  version "1.2.0"
  resolved "http://registry.npm.taobao.org/symbol-observable/download/symbol-observable-1.2.0.tgz#c22688aed4eab3cdc2dfeacbb561660560a00804"
  integrity sha1-wiaIrtTqs83C3+rLtWFmBWCgCAQ=

tiny-invariant@^1.0.2:
  version "1.0.4"
  resolved "http://registry.npm.taobao.org/tiny-invariant/download/tiny-invariant-1.0.4.tgz#346b5415fd93cb696b0c4e8a96697ff590f92463"
  integrity sha1-NGtUFf2Ty2lrDE6Klml/9ZD5JGM=

tiny-warning@^1.0.0:
  version "1.0.2"
  resolved "http://registry.npm.taobao.org/tiny-warning/download/tiny-warning-1.0.2.tgz#1dfae771ee1a04396bdfde27a3adcebc6b648b28"
  integrity sha1-Hfrnce4aBDlr394no63OvGtkiyg=

value-equal@^0.4.0:
  version "0.4.0"
  resolved "http://registry.npm.taobao.org/value-equal/download/value-equal-0.4.0.tgz#c5bdd2f54ee093c04839d71ce2e4758a6890abc7"
  integrity sha1-xb3S9U7gk8BIOdcc4uR1imiQq8c=

warning@^3.0.0:
  version "3.0.0"
  resolved "http://registry.npm.taobao.org/warning/download/warning-3.0.0.tgz#32e5377cb572de4ab04753bdf8821c01ed605b7c"
  integrity sha1-MuU3fLVy3kqwR1O9+IIcAe1gW3w=
  dependencies:
    loose-envify "^1.0.0"

warning@^4.0.1:
  version "4.0.3"
  resolved "http://registry.npm.taobao.org/warning/download/warning-4.0.3.tgz#16e9e077eb8a86d6af7d64aa1e05fd85b4678ca3"
  integrity sha1-Fungd+uKhtavfWSqHgX9hbRnjKM=
  dependencies:
    loose-envify "^1.0.0"

whatwg-fetch@>=0.10.0:
  version "3.0.0"
  resolved "http://registry.npm.taobao.org/whatwg-fetch/download/whatwg-fetch-3.0.0.tgz#fc804e458cc460009b1a2b966bc8817d2578aefb"
  integrity sha1-/IBORYzEYACbGiuWa8iBfSV4rvs=
